
Microsoft Visual Studio Solution File, Format Version 12.00
# Visual Studio 14
VisualStudioVersion = 14.0.25420.1
MinimumVisualStudioVersion = 10.0.40219.1
Project("{2150E333-8FDC-42A3-9474-1A3956D46DE8}") = "src", "src", "{AF61EC4E-0141-493D-A705-7C0E50300FD0}"
EndProject
Project("{2150E333-8FDC-42A3-9474-1A3956D46DE8}") = "Solution Items", "Solution Items", "{28D3EA60-DAF4-4704-BE8C-4903B153A45B}"
	ProjectSection(SolutionItems) = preProject
		global.json = global.json
		NuGet.config = NuGet.config
	EndProjectSection
EndProject
Project("{8BB2217D-0F2D-49D1-97BC-3654ED321F3B}") = "Microsoft.AspNetCore.Modules", "src\Microsoft.AspNetCore.Modules\Microsoft.AspNetCore.Modules.xproj", "{F2613F2A-C9EF-4972-8C97-EC65D8943ED0}"
EndProject
Project("{8BB2217D-0F2D-49D1-97BC-3654ED321F3B}") = "Microsoft.AspNetCore.Modules.Abstractions", "src\Microsoft.AspNetCore.Modules.Abstractions\Microsoft.AspNetCore.Modules.Abstractions.xproj", "{4D280C3E-08AE-49B7-8114-538F8142E4FE}"
EndProject
Project("{8BB2217D-0F2D-49D1-97BC-3654ED321F3B}") = "WebApplication1", "src\WebApplication1\WebApplication1.xproj", "{E3D8CA7E-0CC0-413D-990A-BF7E455A9829}"
EndProject
Project("{8BB2217D-0F2D-49D1-97BC-3654ED321F3B}") = "Module1", "src\Module1\Module1.xproj", "{309A78E0-2783-4607-A848-226EEDF7AD3C}"
EndProject
Global
	GlobalSection(SolutionConfigurationPlatforms) = preSolution
		Debug|Any CPU = Debug|Any CPU
		Release|Any CPU = Release|Any CPU
	EndGlobalSection
	GlobalSection(ProjectConfigurationPlatforms) = postSolution
		{F2613F2A-C9EF-4972-8C97-EC65D8943ED0}.Debug|Any CPU.ActiveCfg = Debug|Any CPU
		{F2613F2A-C9EF-4972-8C97-EC65D8943ED0}.Debug|Any CPU.Build.0 = Debug|Any CPU
		{F2613F2A-C9EF-4972-8C97-EC65D8943ED0}.Release|Any CPU.ActiveCfg = Release|Any CPU
		{F2613F2A-C9EF-4972-8C97-EC65D8943ED0}.Release|Any CPU.Build.0 = Release|Any CPU
		{4D280C3E-08AE-49B7-8114-538F8142E4FE}.Debug|Any CPU.ActiveCfg = Debug|Any CPU
		{4D280C3E-08AE-49B7-8114-538F8142E4FE}.Debug|Any CPU.Build.0 = Debug|Any CPU
		{4D280C3E-08AE-49B7-8114-538F8142E4FE}.Release|Any CPU.ActiveCfg = Release|Any CPU
		{4D280C3E-08AE-49B7-8114-538F8142E4FE}.Release|Any CPU.Build.0 = Release|Any CPU
		{E3D8CA7E-0CC0-413D-990A-BF7E455A9829}.Debug|Any CPU.ActiveCfg = Debug|Any CPU
		{E3D8CA7E-0CC0-413D-990A-BF7E455A9829}.Debug|Any CPU.Build.0 = Debug|Any CPU
		{E3D8CA7E-0CC0-413D-990A-BF7E455A9829}.Release|Any CPU.ActiveCfg = Release|Any CPU
		{E3D8CA7E-0CC0-413D-990A-BF7E455A9829}.Release|Any CPU.Build.0 = Release|Any CPU
		{309A78E0-2783-4607-A848-226EEDF7AD3C}.Debug|Any CPU.ActiveCfg = Debug|Any CPU
		{309A78E0-2783-4607-A848-226EEDF7AD3C}.Debug|Any CPU.Build.0 = Debug|Any CPU
		{309A78E0-2783-4607-A848-226EEDF7AD3C}.Release|Any CPU.ActiveCfg = Release|Any CPU
		{309A78E0-2783-4607-A848-226EEDF7AD3C}.Release|Any CPU.Build.0 = Release|Any CPU
	EndGlobalSection
	GlobalSection(SolutionProperties) = preSolution
		HideSolutionNode = FALSE
	EndGlobalSection
	GlobalSection(NestedProjects) = preSolution
		{F2613F2A-C9EF-4972-8C97-EC65D8943ED0} = {AF61EC4E-0141-493D-A705-7C0E50300FD0}
		{4D280C3E-08AE-49B7-8114-538F8142E4FE} = {AF61EC4E-0141-493D-A705-7C0E50300FD0}
		{E3D8CA7E-0CC0-413D-990A-BF7E455A9829} = {AF61EC4E-0141-493D-A705-7C0E50300FD0}
		{309A78E0-2783-4607-A848-226EEDF7AD3C} = {AF61EC4E-0141-493D-A705-7C0E50300FD0}
	EndGlobalSection
EndGlobal
